
Microsoft Visual Studio Solution File, Format Version 12.00
# Visual Studio Version 17
VisualStudioVersion = 17.12.35521.163
MinimumVisualStudioVersion = 10.0.40219.1
Project("{8BC9CEB8-8B4A-11D0-8D11-00A0C91BC942}") = "01", "01\01.vcxproj", "{A0840619-3E9E-499F-AABD-F0CBD0CD9ACF}"
	ProjectSection(ProjectDependencies) = postProject
		{1CA9EF18-A45B-4169-985A-5BD228E57095} = {1CA9EF18-A45B-4169-985A-5BD228E57095}
	EndProjectSection
EndProject
Project("{8BC9CEB8-8B4A-11D0-8D11-00A0C91BC942}") = "02", "02\02.vcxproj", "{077F999E-DB12-472D-9EE1-EA857620DD58}"
	ProjectSection(ProjectDependencies) = postProject
		{1CA9EF18-A45B-4169-985A-5BD228E57095} = {1CA9EF18-A45B-4169-985A-5BD228E57095}
	EndProjectSection
EndProject
Project("{8BC9CEB8-8B4A-11D0-8D11-00A0C91BC942}") = "03", "03\03.vcxproj", "{A6331231-7547-4E84-9D77-DD16A18DD66B}"
	ProjectSection(ProjectDependencies) = postProject
		{1CA9EF18-A45B-4169-985A-5BD228E57095} = {1CA9EF18-A45B-4169-985A-5BD228E57095}
	EndProjectSection
EndProject
Project("{8BC9CEB8-8B4A-11D0-8D11-00A0C91BC942}") = "04", "04\04.vcxproj", "{D0A81B20-2DA5-44A2-93BC-2938082412F2}"
	ProjectSection(ProjectDependencies) = postProject
		{1CA9EF18-A45B-4169-985A-5BD228E57095} = {1CA9EF18-A45B-4169-985A-5BD228E57095}
	EndProjectSection
EndProject
Project("{8BC9CEB8-8B4A-11D0-8D11-00A0C91BC942}") = "05", "05\05.vcxproj", "{C7448B8C-7D4E-4684-A3CE-4EF1FEB24343}"
	ProjectSection(ProjectDependencies) = postProject
		{1CA9EF18-A45B-4169-985A-5BD228E57095} = {1CA9EF18-A45B-4169-985A-5BD228E57095}
	EndProjectSection
EndProject
Project("{8BC9CEB8-8B4A-11D0-8D11-00A0C91BC942}") = "06", "06\06.vcxproj", "{6A82AD05-519D-40ED-BE16-6EB4BBF4B203}"
	ProjectSection(ProjectDependencies) = postProject
		{1CA9EF18-A45B-4169-985A-5BD228E57095} = {1CA9EF18-A45B-4169-985A-5BD228E57095}
	EndProjectSection
EndProject
Project("{8BC9CEB8-8B4A-11D0-8D11-00A0C91BC942}") = "07", "07\07.vcxproj", "{2227B08B-1872-4A10-9413-99110C2F560A}"
	ProjectSection(ProjectDependencies) = postProject
		{1CA9EF18-A45B-4169-985A-5BD228E57095} = {1CA9EF18-A45B-4169-985A-5BD228E57095}
	EndProjectSection
EndProject
Project("{8BC9CEB8-8B4A-11D0-8D11-00A0C91BC942}") = "08", "08\08.vcxproj", "{682D274A-A082-4C25-B91A-947A5C7F1DE5}"
	ProjectSection(ProjectDependencies) = postProject
		{1CA9EF18-A45B-4169-985A-5BD228E57095} = {1CA9EF18-A45B-4169-985A-5BD228E57095}
	EndProjectSection
EndProject
Project("{8BC9CEB8-8B4A-11D0-8D11-00A0C91BC942}") = "09", "09\09.vcxproj", "{863CF9E6-4DE2-4238-90A9-5476FE1D0620}"
	ProjectSection(ProjectDependencies) = postProject
		{1CA9EF18-A45B-4169-985A-5BD228E57095} = {1CA9EF18-A45B-4169-985A-5BD228E57095}
	EndProjectSection
EndProject
Project("{8BC9CEB8-8B4A-11D0-8D11-00A0C91BC942}") = "10", "10\10.vcxproj", "{2AD07A1E-6E35-4737-8A82-725CCD28C4EE}"
	ProjectSection(ProjectDependencies) = postProject
		{1CA9EF18-A45B-4169-985A-5BD228E57095} = {1CA9EF18-A45B-4169-985A-5BD228E57095}
	EndProjectSection
EndProject
Project("{8BC9CEB8-8B4A-11D0-8D11-00A0C91BC942}") = "11", "11\11.vcxproj", "{81AD0A21-59FA-41EE-9117-548A817EFCF2}"
	ProjectSection(ProjectDependencies) = postProject
		{1CA9EF18-A45B-4169-985A-5BD228E57095} = {1CA9EF18-A45B-4169-985A-5BD228E57095}
	EndProjectSection
EndProject
Project("{8BC9CEB8-8B4A-11D0-8D11-00A0C91BC942}") = "14", "14\14.vcxproj", "{886B586D-A642-49F5-A2FF-F0D30D154CEA}"
	ProjectSection(ProjectDependencies) = postProject
		{1CA9EF18-A45B-4169-985A-5BD228E57095} = {1CA9EF18-A45B-4169-985A-5BD228E57095}
	EndProjectSection
EndProject
Project("{8BC9CEB8-8B4A-11D0-8D11-00A0C91BC942}") = "15", "15\15.vcxproj", "{D93F8B07-49D1-4FDC-A7BF-898F0FAB5F24}"
	ProjectSection(ProjectDependencies) = postProject
		{1CA9EF18-A45B-4169-985A-5BD228E57095} = {1CA9EF18-A45B-4169-985A-5BD228E57095}
	EndProjectSection
EndProject
Project("{8BC9CEB8-8B4A-11D0-8D11-00A0C91BC942}") = "12", "12\12.vcxproj", "{340A06B7-DE37-4128-B00D-1C81BC299BD4}"
	ProjectSection(ProjectDependencies) = postProject
		{1CA9EF18-A45B-4169-985A-5BD228E57095} = {1CA9EF18-A45B-4169-985A-5BD228E57095}
	EndProjectSection
EndProject
Project("{8BC9CEB8-8B4A-11D0-8D11-00A0C91BC942}") = "13", "13\13.vcxproj", "{F2809FD4-FCA7-44BD-9D76-9A026C067793}"
	ProjectSection(ProjectDependencies) = postProject
		{1CA9EF18-A45B-4169-985A-5BD228E57095} = {1CA9EF18-A45B-4169-985A-5BD228E57095}
	EndProjectSection
EndProject
Project("{8BC9CEB8-8B4A-11D0-8D11-00A0C91BC942}") = "16", "16\16.vcxproj", "{7ECE129B-10F5-40B8-8268-3FCA13C8B461}"
	ProjectSection(ProjectDependencies) = postProject
		{1CA9EF18-A45B-4169-985A-5BD228E57095} = {1CA9EF18-A45B-4169-985A-5BD228E57095}
	EndProjectSection
EndProject
Project("{8BC9CEB8-8B4A-11D0-8D11-00A0C91BC942}") = "17", "17\17.vcxproj", "{10A7A030-54F1-4560-B1DA-05C69CB41884}"
	ProjectSection(ProjectDependencies) = postProject
		{1CA9EF18-A45B-4169-985A-5BD228E57095} = {1CA9EF18-A45B-4169-985A-5BD228E57095}
	EndProjectSection
EndProject
Project("{8BC9CEB8-8B4A-11D0-8D11-00A0C91BC942}") = "18", "18\18.vcxproj", "{C724AA9B-0864-4EFA-9198-0BADC8F80151}"
	ProjectSection(ProjectDependencies) = postProject
		{1CA9EF18-A45B-4169-985A-5BD228E57095} = {1CA9EF18-A45B-4169-985A-5BD228E57095}
	EndProjectSection
EndProject
Project("{8BC9CEB8-8B4A-11D0-8D11-00A0C91BC942}") = "21", "21\21.vcxproj", "{84AE39AC-2278-4CA2-BF70-9794F7AECA89}"
	ProjectSection(ProjectDependencies) = postProject
		{1CA9EF18-A45B-4169-985A-5BD228E57095} = {1CA9EF18-A45B-4169-985A-5BD228E57095}
	EndProjectSection
EndProject
Project("{8BC9CEB8-8B4A-11D0-8D11-00A0C91BC942}") = "24", "24\24.vcxproj", "{D0A8CA2A-C638-4349-A3D9-3397001275BB}"
	ProjectSection(ProjectDependencies) = postProject
		{1CA9EF18-A45B-4169-985A-5BD228E57095} = {1CA9EF18-A45B-4169-985A-5BD228E57095}
	EndProjectSection
EndProject
Project("{8BC9CEB8-8B4A-11D0-8D11-00A0C91BC942}") = "25", "25\25.vcxproj", "{7BB49BAC-63F2-421C-A937-4F4B256BB6F1}"
	ProjectSection(ProjectDependencies) = postProject
		{1CA9EF18-A45B-4169-985A-5BD228E57095} = {1CA9EF18-A45B-4169-985A-5BD228E57095}
	EndProjectSection
EndProject
Project("{8BC9CEB8-8B4A-11D0-8D11-00A0C91BC942}") = "00_Utilities", "00_Utilities\00_Utilities.vcxproj", "{1CA9EF18-A45B-4169-985A-5BD228E57095}"
EndProject
Project("{8BC9CEB8-8B4A-11D0-8D11-00A0C91BC942}") = "26_AoC", "26_AoC\26_AoC.vcxproj", "{59D236AE-C805-47D4-B6B5-45C7940D0030}"
	ProjectSection(ProjectDependencies) = postProject
		{077F999E-DB12-472D-9EE1-EA857620DD58} = {077F999E-DB12-472D-9EE1-EA857620DD58}
		{10A7A030-54F1-4560-B1DA-05C69CB41884} = {10A7A030-54F1-4560-B1DA-05C69CB41884}
		{2227B08B-1872-4A10-9413-99110C2F560A} = {2227B08B-1872-4A10-9413-99110C2F560A}
		{2AD07A1E-6E35-4737-8A82-725CCD28C4EE} = {2AD07A1E-6E35-4737-8A82-725CCD28C4EE}
		{2CE062BE-02AC-4331-8D7F-7F45CD6F00B7} = {2CE062BE-02AC-4331-8D7F-7F45CD6F00B7}
		{2F14EB81-B8FC-494D-87C5-18C4B4E1A305} = {2F14EB81-B8FC-494D-87C5-18C4B4E1A305}
		{340A06B7-DE37-4128-B00D-1C81BC299BD4} = {340A06B7-DE37-4128-B00D-1C81BC299BD4}
		{61BF910C-3015-4537-948B-FE901B39A15C} = {61BF910C-3015-4537-948B-FE901B39A15C}
		{682D274A-A082-4C25-B91A-947A5C7F1DE5} = {682D274A-A082-4C25-B91A-947A5C7F1DE5}
		{6A19F587-9DEC-483F-8700-6ADD20136664} = {6A19F587-9DEC-483F-8700-6ADD20136664}
		{6A82AD05-519D-40ED-BE16-6EB4BBF4B203} = {6A82AD05-519D-40ED-BE16-6EB4BBF4B203}
		{7BB49BAC-63F2-421C-A937-4F4B256BB6F1} = {7BB49BAC-63F2-421C-A937-4F4B256BB6F1}
		{7ECE129B-10F5-40B8-8268-3FCA13C8B461} = {7ECE129B-10F5-40B8-8268-3FCA13C8B461}
		{81AD0A21-59FA-41EE-9117-548A817EFCF2} = {81AD0A21-59FA-41EE-9117-548A817EFCF2}
		{84AE39AC-2278-4CA2-BF70-9794F7AECA89} = {84AE39AC-2278-4CA2-BF70-9794F7AECA89}
		{863CF9E6-4DE2-4238-90A9-5476FE1D0620} = {863CF9E6-4DE2-4238-90A9-5476FE1D0620}
		{886B586D-A642-49F5-A2FF-F0D30D154CEA} = {886B586D-A642-49F5-A2FF-F0D30D154CEA}
		{A0840619-3E9E-499F-AABD-F0CBD0CD9ACF} = {A0840619-3E9E-499F-AABD-F0CBD0CD9ACF}
		{A6331231-7547-4E84-9D77-DD16A18DD66B} = {A6331231-7547-4E84-9D77-DD16A18DD66B}
		{C724AA9B-0864-4EFA-9198-0BADC8F80151} = {C724AA9B-0864-4EFA-9198-0BADC8F80151}
		{C7448B8C-7D4E-4684-A3CE-4EF1FEB24343} = {C7448B8C-7D4E-4684-A3CE-4EF1FEB24343}
		{D0A81B20-2DA5-44A2-93BC-2938082412F2} = {D0A81B20-2DA5-44A2-93BC-2938082412F2}
		{D0A8CA2A-C638-4349-A3D9-3397001275BB} = {D0A8CA2A-C638-4349-A3D9-3397001275BB}
		{D93F8B07-49D1-4FDC-A7BF-898F0FAB5F24} = {D93F8B07-49D1-4FDC-A7BF-898F0FAB5F24}
		{F2809FD4-FCA7-44BD-9D76-9A026C067793} = {F2809FD4-FCA7-44BD-9D76-9A026C067793}
	EndProjectSection
EndProject
Project("{8BC9CEB8-8B4A-11D0-8D11-00A0C91BC942}") = "19", "19\19.vcxproj", "{61BF910C-3015-4537-948B-FE901B39A15C}"
	ProjectSection(ProjectDependencies) = postProject
		{1CA9EF18-A45B-4169-985A-5BD228E57095} = {1CA9EF18-A45B-4169-985A-5BD228E57095}
	EndProjectSection
EndProject
Project("{8BC9CEB8-8B4A-11D0-8D11-00A0C91BC942}") = "20", "20\20.vcxproj", "{2F14EB81-B8FC-494D-87C5-18C4B4E1A305}"
	ProjectSection(ProjectDependencies) = postProject
		{1CA9EF18-A45B-4169-985A-5BD228E57095} = {1CA9EF18-A45B-4169-985A-5BD228E57095}
	EndProjectSection
EndProject
Project("{8BC9CEB8-8B4A-11D0-8D11-00A0C91BC942}") = "22", "22\22.vcxproj", "{6A19F587-9DEC-483F-8700-6ADD20136664}"
	ProjectSection(ProjectDependencies) = postProject
		{1CA9EF18-A45B-4169-985A-5BD228E57095} = {1CA9EF18-A45B-4169-985A-5BD228E57095}
	EndProjectSection
EndProject
Project("{8BC9CEB8-8B4A-11D0-8D11-00A0C91BC942}") = "23", "23\23.vcxproj", "{2CE062BE-02AC-4331-8D7F-7F45CD6F00B7}"
	ProjectSection(ProjectDependencies) = postProject
		{1CA9EF18-A45B-4169-985A-5BD228E57095} = {1CA9EF18-A45B-4169-985A-5BD228E57095}
	EndProjectSection
EndProject
Project("{8BC9CEB8-8B4A-11D0-8D11-00A0C91BC942}") = "00_DaysCommonSettings", "00_DaysCommonSettings\00_DaysCommonSettings.vcxproj", "{BCE3C5FB-DE6B-40DF-8DD2-16577EAC5F14}"
EndProject
Global
	GlobalSection(SolutionConfigurationPlatforms) = preSolution
		Debug|x64 = Debug|x64
		Debug|x86 = Debug|x86
		Release|x64 = Release|x64
		Release|x86 = Release|x86
	EndGlobalSection
	GlobalSection(ProjectConfigurationPlatforms) = postSolution
		{A0840619-3E9E-499F-AABD-F0CBD0CD9ACF}.Debug|x64.ActiveCfg = Debug|x64
		{A0840619-3E9E-499F-AABD-F0CBD0CD9ACF}.Debug|x64.Build.0 = Debug|x64
		{A0840619-3E9E-499F-AABD-F0CBD0CD9ACF}.Debug|x86.ActiveCfg = Debug|Win32
		{A0840619-3E9E-499F-AABD-F0CBD0CD9ACF}.Debug|x86.Build.0 = Debug|Win32
		{A0840619-3E9E-499F-AABD-F0CBD0CD9ACF}.Release|x64.ActiveCfg = Release|x64
		{A0840619-3E9E-499F-AABD-F0CBD0CD9ACF}.Release|x64.Build.0 = Release|x64
		{A0840619-3E9E-499F-AABD-F0CBD0CD9ACF}.Release|x86.ActiveCfg = Release|Win32
		{A0840619-3E9E-499F-AABD-F0CBD0CD9ACF}.Release|x86.Build.0 = Release|Win32
		{077F999E-DB12-472D-9EE1-EA857620DD58}.Debug|x64.ActiveCfg = Debug|x64
		{077F999E-DB12-472D-9EE1-EA857620DD58}.Debug|x64.Build.0 = Debug|x64
		{077F999E-DB12-472D-9EE1-EA857620DD58}.Debug|x86.ActiveCfg = Debug|Win32
		{077F999E-DB12-472D-9EE1-EA857620DD58}.Debug|x86.Build.0 = Debug|Win32
		{077F999E-DB12-472D-9EE1-EA857620DD58}.Release|x64.ActiveCfg = Release|x64
		{077F999E-DB12-472D-9EE1-EA857620DD58}.Release|x64.Build.0 = Release|x64
		{077F999E-DB12-472D-9EE1-EA857620DD58}.Release|x86.ActiveCfg = Release|Win32
		{077F999E-DB12-472D-9EE1-EA857620DD58}.Release|x86.Build.0 = Release|Win32
		{A6331231-7547-4E84-9D77-DD16A18DD66B}.Debug|x64.ActiveCfg = Debug|x64
		{A6331231-7547-4E84-9D77-DD16A18DD66B}.Debug|x64.Build.0 = Debug|x64
		{A6331231-7547-4E84-9D77-DD16A18DD66B}.Debug|x86.ActiveCfg = Debug|Win32
		{A6331231-7547-4E84-9D77-DD16A18DD66B}.Debug|x86.Build.0 = Debug|Win32
		{A6331231-7547-4E84-9D77-DD16A18DD66B}.Release|x64.ActiveCfg = Release|x64
		{A6331231-7547-4E84-9D77-DD16A18DD66B}.Release|x64.Build.0 = Release|x64
		{A6331231-7547-4E84-9D77-DD16A18DD66B}.Release|x86.ActiveCfg = Release|Win32
		{A6331231-7547-4E84-9D77-DD16A18DD66B}.Release|x86.Build.0 = Release|Win32
		{D0A81B20-2DA5-44A2-93BC-2938082412F2}.Debug|x64.ActiveCfg = Debug|x64
		{D0A81B20-2DA5-44A2-93BC-2938082412F2}.Debug|x64.Build.0 = Debug|x64
		{D0A81B20-2DA5-44A2-93BC-2938082412F2}.Debug|x86.ActiveCfg = Debug|Win32
		{D0A81B20-2DA5-44A2-93BC-2938082412F2}.Debug|x86.Build.0 = Debug|Win32
		{D0A81B20-2DA5-44A2-93BC-2938082412F2}.Release|x64.ActiveCfg = Release|x64
		{D0A81B20-2DA5-44A2-93BC-2938082412F2}.Release|x64.Build.0 = Release|x64
		{D0A81B20-2DA5-44A2-93BC-2938082412F2}.Release|x86.ActiveCfg = Release|Win32
		{D0A81B20-2DA5-44A2-93BC-2938082412F2}.Release|x86.Build.0 = Release|Win32
		{C7448B8C-7D4E-4684-A3CE-4EF1FEB24343}.Debug|x64.ActiveCfg = Debug|x64
		{C7448B8C-7D4E-4684-A3CE-4EF1FEB24343}.Debug|x64.Build.0 = Debug|x64
		{C7448B8C-7D4E-4684-A3CE-4EF1FEB24343}.Debug|x86.ActiveCfg = Debug|Win32
		{C7448B8C-7D4E-4684-A3CE-4EF1FEB24343}.Debug|x86.Build.0 = Debug|Win32
		{C7448B8C-7D4E-4684-A3CE-4EF1FEB24343}.Release|x64.ActiveCfg = Release|x64
		{C7448B8C-7D4E-4684-A3CE-4EF1FEB24343}.Release|x64.Build.0 = Release|x64
		{C7448B8C-7D4E-4684-A3CE-4EF1FEB24343}.Release|x86.ActiveCfg = Release|Win32
		{C7448B8C-7D4E-4684-A3CE-4EF1FEB24343}.Release|x86.Build.0 = Release|Win32
		{6A82AD05-519D-40ED-BE16-6EB4BBF4B203}.Debug|x64.ActiveCfg = Debug|x64
		{6A82AD05-519D-40ED-BE16-6EB4BBF4B203}.Debug|x64.Build.0 = Debug|x64
		{6A82AD05-519D-40ED-BE16-6EB4BBF4B203}.Debug|x86.ActiveCfg = Debug|Win32
		{6A82AD05-519D-40ED-BE16-6EB4BBF4B203}.Debug|x86.Build.0 = Debug|Win32
		{6A82AD05-519D-40ED-BE16-6EB4BBF4B203}.Release|x64.ActiveCfg = Release|x64
		{6A82AD05-519D-40ED-BE16-6EB4BBF4B203}.Release|x64.Build.0 = Release|x64
		{6A82AD05-519D-40ED-BE16-6EB4BBF4B203}.Release|x86.ActiveCfg = Release|Win32
		{6A82AD05-519D-40ED-BE16-6EB4BBF4B203}.Release|x86.Build.0 = Release|Win32
		{2227B08B-1872-4A10-9413-99110C2F560A}.Debug|x64.ActiveCfg = Debug|x64
		{2227B08B-1872-4A10-9413-99110C2F560A}.Debug|x64.Build.0 = Debug|x64
		{2227B08B-1872-4A10-9413-99110C2F560A}.Debug|x86.ActiveCfg = Debug|Win32
		{2227B08B-1872-4A10-9413-99110C2F560A}.Debug|x86.Build.0 = Debug|Win32
		{2227B08B-1872-4A10-9413-99110C2F560A}.Release|x64.ActiveCfg = Release|x64
		{2227B08B-1872-4A10-9413-99110C2F560A}.Release|x64.Build.0 = Release|x64
		{2227B08B-1872-4A10-9413-99110C2F560A}.Release|x86.ActiveCfg = Release|Win32
		{2227B08B-1872-4A10-9413-99110C2F560A}.Release|x86.Build.0 = Release|Win32
		{682D274A-A082-4C25-B91A-947A5C7F1DE5}.Debug|x64.ActiveCfg = Debug|x64
		{682D274A-A082-4C25-B91A-947A5C7F1DE5}.Debug|x64.Build.0 = Debug|x64
		{682D274A-A082-4C25-B91A-947A5C7F1DE5}.Debug|x86.ActiveCfg = Debug|Win32
		{682D274A-A082-4C25-B91A-947A5C7F1DE5}.Debug|x86.Build.0 = Debug|Win32
		{682D274A-A082-4C25-B91A-947A5C7F1DE5}.Release|x64.ActiveCfg = Release|x64
		{682D274A-A082-4C25-B91A-947A5C7F1DE5}.Release|x64.Build.0 = Release|x64
		{682D274A-A082-4C25-B91A-947A5C7F1DE5}.Release|x86.ActiveCfg = Release|Win32
		{682D274A-A082-4C25-B91A-947A5C7F1DE5}.Release|x86.Build.0 = Release|Win32
		{863CF9E6-4DE2-4238-90A9-5476FE1D0620}.Debug|x64.ActiveCfg = Debug|x64
		{863CF9E6-4DE2-4238-90A9-5476FE1D0620}.Debug|x64.Build.0 = Debug|x64
		{863CF9E6-4DE2-4238-90A9-5476FE1D0620}.Debug|x86.ActiveCfg = Debug|Win32
		{863CF9E6-4DE2-4238-90A9-5476FE1D0620}.Debug|x86.Build.0 = Debug|Win32
		{863CF9E6-4DE2-4238-90A9-5476FE1D0620}.Release|x64.ActiveCfg = Release|x64
		{863CF9E6-4DE2-4238-90A9-5476FE1D0620}.Release|x64.Build.0 = Release|x64
		{863CF9E6-4DE2-4238-90A9-5476FE1D0620}.Release|x86.ActiveCfg = Release|Win32
		{863CF9E6-4DE2-4238-90A9-5476FE1D0620}.Release|x86.Build.0 = Release|Win32
		{2AD07A1E-6E35-4737-8A82-725CCD28C4EE}.Debug|x64.ActiveCfg = Debug|x64
		{2AD07A1E-6E35-4737-8A82-725CCD28C4EE}.Debug|x64.Build.0 = Debug|x64
		{2AD07A1E-6E35-4737-8A82-725CCD28C4EE}.Debug|x86.ActiveCfg = Debug|Win32
		{2AD07A1E-6E35-4737-8A82-725CCD28C4EE}.Debug|x86.Build.0 = Debug|Win32
		{2AD07A1E-6E35-4737-8A82-725CCD28C4EE}.Release|x64.ActiveCfg = Release|x64
		{2AD07A1E-6E35-4737-8A82-725CCD28C4EE}.Release|x64.Build.0 = Release|x64
		{2AD07A1E-6E35-4737-8A82-725CCD28C4EE}.Release|x86.ActiveCfg = Release|Win32
		{2AD07A1E-6E35-4737-8A82-725CCD28C4EE}.Release|x86.Build.0 = Release|Win32
		{81AD0A21-59FA-41EE-9117-548A817EFCF2}.Debug|x64.ActiveCfg = Debug|x64
		{81AD0A21-59FA-41EE-9117-548A817EFCF2}.Debug|x64.Build.0 = Debug|x64
		{81AD0A21-59FA-41EE-9117-548A817EFCF2}.Debug|x86.ActiveCfg = Debug|Win32
		{81AD0A21-59FA-41EE-9117-548A817EFCF2}.Debug|x86.Build.0 = Debug|Win32
		{81AD0A21-59FA-41EE-9117-548A817EFCF2}.Release|x64.ActiveCfg = Release|x64
		{81AD0A21-59FA-41EE-9117-548A817EFCF2}.Release|x64.Build.0 = Release|x64
		{81AD0A21-59FA-41EE-9117-548A817EFCF2}.Release|x86.ActiveCfg = Release|Win32
		{81AD0A21-59FA-41EE-9117-548A817EFCF2}.Release|x86.Build.0 = Release|Win32
		{886B586D-A642-49F5-A2FF-F0D30D154CEA}.Debug|x64.ActiveCfg = Debug|x64
		{886B586D-A642-49F5-A2FF-F0D30D154CEA}.Debug|x64.Build.0 = Debug|x64
		{886B586D-A642-49F5-A2FF-F0D30D154CEA}.Debug|x86.ActiveCfg = Debug|Win32
		{886B586D-A642-49F5-A2FF-F0D30D154CEA}.Debug|x86.Build.0 = Debug|Win32
		{886B586D-A642-49F5-A2FF-F0D30D154CEA}.Release|x64.ActiveCfg = Release|x64
		{886B586D-A642-49F5-A2FF-F0D30D154CEA}.Release|x64.Build.0 = Release|x64
		{886B586D-A642-49F5-A2FF-F0D30D154CEA}.Release|x86.ActiveCfg = Release|Win32
		{886B586D-A642-49F5-A2FF-F0D30D154CEA}.Release|x86.Build.0 = Release|Win32
		{D93F8B07-49D1-4FDC-A7BF-898F0FAB5F24}.Debug|x64.ActiveCfg = Debug|x64
		{D93F8B07-49D1-4FDC-A7BF-898F0FAB5F24}.Debug|x64.Build.0 = Debug|x64
		{D93F8B07-49D1-4FDC-A7BF-898F0FAB5F24}.Debug|x86.ActiveCfg = Debug|Win32
		{D93F8B07-49D1-4FDC-A7BF-898F0FAB5F24}.Debug|x86.Build.0 = Debug|Win32
		{D93F8B07-49D1-4FDC-A7BF-898F0FAB5F24}.Release|x64.ActiveCfg = Release|x64
		{D93F8B07-49D1-4FDC-A7BF-898F0FAB5F24}.Release|x64.Build.0 = Release|x64
		{D93F8B07-49D1-4FDC-A7BF-898F0FAB5F24}.Release|x86.ActiveCfg = Release|Win32
		{D93F8B07-49D1-4FDC-A7BF-898F0FAB5F24}.Release|x86.Build.0 = Release|Win32
		{340A06B7-DE37-4128-B00D-1C81BC299BD4}.Debug|x64.ActiveCfg = Debug|x64
		{340A06B7-DE37-4128-B00D-1C81BC299BD4}.Debug|x64.Build.0 = Debug|x64
		{340A06B7-DE37-4128-B00D-1C81BC299BD4}.Debug|x86.ActiveCfg = Debug|Win32
		{340A06B7-DE37-4128-B00D-1C81BC299BD4}.Debug|x86.Build.0 = Debug|Win32
		{340A06B7-DE37-4128-B00D-1C81BC299BD4}.Release|x64.ActiveCfg = Release|x64
		{340A06B7-DE37-4128-B00D-1C81BC299BD4}.Release|x64.Build.0 = Release|x64
		{340A06B7-DE37-4128-B00D-1C81BC299BD4}.Release|x86.ActiveCfg = Release|Win32
		{340A06B7-DE37-4128-B00D-1C81BC299BD4}.Release|x86.Build.0 = Release|Win32
		{F2809FD4-FCA7-44BD-9D76-9A026C067793}.Debug|x64.ActiveCfg = Debug|x64
		{F2809FD4-FCA7-44BD-9D76-9A026C067793}.Debug|x64.Build.0 = Debug|x64
		{F2809FD4-FCA7-44BD-9D76-9A026C067793}.Debug|x86.ActiveCfg = Debug|Win32
		{F2809FD4-FCA7-44BD-9D76-9A026C067793}.Debug|x86.Build.0 = Debug|Win32
		{F2809FD4-FCA7-44BD-9D76-9A026C067793}.Release|x64.ActiveCfg = Release|x64
		{F2809FD4-FCA7-44BD-9D76-9A026C067793}.Release|x64.Build.0 = Release|x64
		{F2809FD4-FCA7-44BD-9D76-9A026C067793}.Release|x86.ActiveCfg = Release|Win32
		{F2809FD4-FCA7-44BD-9D76-9A026C067793}.Release|x86.Build.0 = Release|Win32
		{7ECE129B-10F5-40B8-8268-3FCA13C8B461}.Debug|x64.ActiveCfg = Debug|x64
		{7ECE129B-10F5-40B8-8268-3FCA13C8B461}.Debug|x64.Build.0 = Debug|x64
		{7ECE129B-10F5-40B8-8268-3FCA13C8B461}.Debug|x86.ActiveCfg = Debug|Win32
		{7ECE129B-10F5-40B8-8268-3FCA13C8B461}.Debug|x86.Build.0 = Debug|Win32
		{7ECE129B-10F5-40B8-8268-3FCA13C8B461}.Release|x64.ActiveCfg = Release|x64
		{7ECE129B-10F5-40B8-8268-3FCA13C8B461}.Release|x64.Build.0 = Release|x64
		{7ECE129B-10F5-40B8-8268-3FCA13C8B461}.Release|x86.ActiveCfg = Release|Win32
		{7ECE129B-10F5-40B8-8268-3FCA13C8B461}.Release|x86.Build.0 = Release|Win32
		{10A7A030-54F1-4560-B1DA-05C69CB41884}.Debug|x64.ActiveCfg = Debug|x64
		{10A7A030-54F1-4560-B1DA-05C69CB41884}.Debug|x64.Build.0 = Debug|x64
		{10A7A030-54F1-4560-B1DA-05C69CB41884}.Debug|x86.ActiveCfg = Debug|Win32
		{10A7A030-54F1-4560-B1DA-05C69CB41884}.Debug|x86.Build.0 = Debug|Win32
		{10A7A030-54F1-4560-B1DA-05C69CB41884}.Release|x64.ActiveCfg = Release|x64
		{10A7A030-54F1-4560-B1DA-05C69CB41884}.Release|x64.Build.0 = Release|x64
		{10A7A030-54F1-4560-B1DA-05C69CB41884}.Release|x86.ActiveCfg = Release|Win32
		{10A7A030-54F1-4560-B1DA-05C69CB41884}.Release|x86.Build.0 = Release|Win32
		{C724AA9B-0864-4EFA-9198-0BADC8F80151}.Debug|x64.ActiveCfg = Debug|x64
		{C724AA9B-0864-4EFA-9198-0BADC8F80151}.Debug|x64.Build.0 = Debug|x64
		{C724AA9B-0864-4EFA-9198-0BADC8F80151}.Debug|x86.ActiveCfg = Debug|Win32
		{C724AA9B-0864-4EFA-9198-0BADC8F80151}.Debug|x86.Build.0 = Debug|Win32
		{C724AA9B-0864-4EFA-9198-0BADC8F80151}.Release|x64.ActiveCfg = Release|x64
		{C724AA9B-0864-4EFA-9198-0BADC8F80151}.Release|x64.Build.0 = Release|x64
		{C724AA9B-0864-4EFA-9198-0BADC8F80151}.Release|x86.ActiveCfg = Release|Win32
		{C724AA9B-0864-4EFA-9198-0BADC8F80151}.Release|x86.Build.0 = Release|Win32
		{84AE39AC-2278-4CA2-BF70-9794F7AECA89}.Debug|x64.ActiveCfg = Debug|x64
		{84AE39AC-2278-4CA2-BF70-9794F7AECA89}.Debug|x64.Build.0 = Debug|x64
		{84AE39AC-2278-4CA2-BF70-9794F7AECA89}.Debug|x86.ActiveCfg = Debug|Win32
		{84AE39AC-2278-4CA2-BF70-9794F7AECA89}.Debug|x86.Build.0 = Debug|Win32
		{84AE39AC-2278-4CA2-BF70-9794F7AECA89}.Release|x64.ActiveCfg = Release|x64
		{84AE39AC-2278-4CA2-BF70-9794F7AECA89}.Release|x64.Build.0 = Release|x64
		{84AE39AC-2278-4CA2-BF70-9794F7AECA89}.Release|x86.ActiveCfg = Release|Win32
		{84AE39AC-2278-4CA2-BF70-9794F7AECA89}.Release|x86.Build.0 = Release|Win32
		{D0A8CA2A-C638-4349-A3D9-3397001275BB}.Debug|x64.ActiveCfg = Debug|x64
		{D0A8CA2A-C638-4349-A3D9-3397001275BB}.Debug|x64.Build.0 = Debug|x64
		{D0A8CA2A-C638-4349-A3D9-3397001275BB}.Debug|x86.ActiveCfg = Debug|Win32
		{D0A8CA2A-C638-4349-A3D9-3397001275BB}.Debug|x86.Build.0 = Debug|Win32
		{D0A8CA2A-C638-4349-A3D9-3397001275BB}.Release|x64.ActiveCfg = Release|x64
		{D0A8CA2A-C638-4349-A3D9-3397001275BB}.Release|x64.Build.0 = Release|x64
		{D0A8CA2A-C638-4349-A3D9-3397001275BB}.Release|x86.ActiveCfg = Release|Win32
		{D0A8CA2A-C638-4349-A3D9-3397001275BB}.Release|x86.Build.0 = Release|Win32
		{7BB49BAC-63F2-421C-A937-4F4B256BB6F1}.Debug|x64.ActiveCfg = Debug|x64
		{7BB49BAC-63F2-421C-A937-4F4B256BB6F1}.Debug|x64.Build.0 = Debug|x64
		{7BB49BAC-63F2-421C-A937-4F4B256BB6F1}.Debug|x86.ActiveCfg = Debug|Win32
		{7BB49BAC-63F2-421C-A937-4F4B256BB6F1}.Debug|x86.Build.0 = Debug|Win32
		{7BB49BAC-63F2-421C-A937-4F4B256BB6F1}.Release|x64.ActiveCfg = Release|x64
		{7BB49BAC-63F2-421C-A937-4F4B256BB6F1}.Release|x64.Build.0 = Release|x64
		{7BB49BAC-63F2-421C-A937-4F4B256BB6F1}.Release|x86.ActiveCfg = Release|Win32
		{7BB49BAC-63F2-421C-A937-4F4B256BB6F1}.Release|x86.Build.0 = Release|Win32
		{1CA9EF18-A45B-4169-985A-5BD228E57095}.Debug|x64.ActiveCfg = Debug|x64
		{1CA9EF18-A45B-4169-985A-5BD228E57095}.Debug|x64.Build.0 = Debug|x64
		{1CA9EF18-A45B-4169-985A-5BD228E57095}.Debug|x86.ActiveCfg = Debug|Win32
		{1CA9EF18-A45B-4169-985A-5BD228E57095}.Debug|x86.Build.0 = Debug|Win32
		{1CA9EF18-A45B-4169-985A-5BD228E57095}.Release|x64.ActiveCfg = Release|x64
		{1CA9EF18-A45B-4169-985A-5BD228E57095}.Release|x64.Build.0 = Release|x64
		{1CA9EF18-A45B-4169-985A-5BD228E57095}.Release|x86.ActiveCfg = Release|Win32
		{1CA9EF18-A45B-4169-985A-5BD228E57095}.Release|x86.Build.0 = Release|Win32
		{59D236AE-C805-47D4-B6B5-45C7940D0030}.Debug|x64.ActiveCfg = Debug|x64
		{59D236AE-C805-47D4-B6B5-45C7940D0030}.Debug|x64.Build.0 = Debug|x64
		{59D236AE-C805-47D4-B6B5-45C7940D0030}.Debug|x86.ActiveCfg = Debug|Win32
		{59D236AE-C805-47D4-B6B5-45C7940D0030}.Debug|x86.Build.0 = Debug|Win32
		{59D236AE-C805-47D4-B6B5-45C7940D0030}.Release|x64.ActiveCfg = Release|x64
		{59D236AE-C805-47D4-B6B5-45C7940D0030}.Release|x64.Build.0 = Release|x64
		{59D236AE-C805-47D4-B6B5-45C7940D0030}.Release|x86.ActiveCfg = Release|Win32
		{59D236AE-C805-47D4-B6B5-45C7940D0030}.Release|x86.Build.0 = Release|Win32
		{61BF910C-3015-4537-948B-FE901B39A15C}.Debug|x64.ActiveCfg = Debug|x64
		{61BF910C-3015-4537-948B-FE901B39A15C}.Debug|x64.Build.0 = Debug|x64
		{61BF910C-3015-4537-948B-FE901B39A15C}.Debug|x86.ActiveCfg = Debug|Win32
		{61BF910C-3015-4537-948B-FE901B39A15C}.Debug|x86.Build.0 = Debug|Win32
		{61BF910C-3015-4537-948B-FE901B39A15C}.Release|x64.ActiveCfg = Release|x64
		{61BF910C-3015-4537-948B-FE901B39A15C}.Release|x64.Build.0 = Release|x64
		{61BF910C-3015-4537-948B-FE901B39A15C}.Release|x86.ActiveCfg = Release|Win32
		{61BF910C-3015-4537-948B-FE901B39A15C}.Release|x86.Build.0 = Release|Win32
		{2F14EB81-B8FC-494D-87C5-18C4B4E1A305}.Debug|x64.ActiveCfg = Debug|x64
		{2F14EB81-B8FC-494D-87C5-18C4B4E1A305}.Debug|x64.Build.0 = Debug|x64
		{2F14EB81-B8FC-494D-87C5-18C4B4E1A305}.Debug|x86.ActiveCfg = Debug|Win32
		{2F14EB81-B8FC-494D-87C5-18C4B4E1A305}.Debug|x86.Build.0 = Debug|Win32
		{2F14EB81-B8FC-494D-87C5-18C4B4E1A305}.Release|x64.ActiveCfg = Release|x64
		{2F14EB81-B8FC-494D-87C5-18C4B4E1A305}.Release|x64.Build.0 = Release|x64
		{2F14EB81-B8FC-494D-87C5-18C4B4E1A305}.Release|x86.ActiveCfg = Release|Win32
		{2F14EB81-B8FC-494D-87C5-18C4B4E1A305}.Release|x86.Build.0 = Release|Win32
		{6A19F587-9DEC-483F-8700-6ADD20136664}.Debug|x64.ActiveCfg = Debug|x64
		{6A19F587-9DEC-483F-8700-6ADD20136664}.Debug|x64.Build.0 = Debug|x64
		{6A19F587-9DEC-483F-8700-6ADD20136664}.Debug|x86.ActiveCfg = Debug|Win32
		{6A19F587-9DEC-483F-8700-6ADD20136664}.Debug|x86.Build.0 = Debug|Win32
		{6A19F587-9DEC-483F-8700-6ADD20136664}.Release|x64.ActiveCfg = Release|x64
		{6A19F587-9DEC-483F-8700-6ADD20136664}.Release|x64.Build.0 = Release|x64
		{6A19F587-9DEC-483F-8700-6ADD20136664}.Release|x86.ActiveCfg = Release|Win32
		{6A19F587-9DEC-483F-8700-6ADD20136664}.Release|x86.Build.0 = Release|Win32
		{2CE062BE-02AC-4331-8D7F-7F45CD6F00B7}.Debug|x64.ActiveCfg = Debug|x64
		{2CE062BE-02AC-4331-8D7F-7F45CD6F00B7}.Debug|x64.Build.0 = Debug|x64
		{2CE062BE-02AC-4331-8D7F-7F45CD6F00B7}.Debug|x86.ActiveCfg = Debug|Win32
		{2CE062BE-02AC-4331-8D7F-7F45CD6F00B7}.Debug|x86.Build.0 = Debug|Win32
		{2CE062BE-02AC-4331-8D7F-7F45CD6F00B7}.Release|x64.ActiveCfg = Release|x64
		{2CE062BE-02AC-4331-8D7F-7F45CD6F00B7}.Release|x64.Build.0 = Release|x64
		{2CE062BE-02AC-4331-8D7F-7F45CD6F00B7}.Release|x86.ActiveCfg = Release|Win32
		{2CE062BE-02AC-4331-8D7F-7F45CD6F00B7}.Release|x86.Build.0 = Release|Win32
		{BCE3C5FB-DE6B-40DF-8DD2-16577EAC5F14}.Debug|x64.ActiveCfg = Debug|x64
		{BCE3C5FB-DE6B-40DF-8DD2-16577EAC5F14}.Debug|x64.Build.0 = Debug|x64
		{BCE3C5FB-DE6B-40DF-8DD2-16577EAC5F14}.Debug|x86.ActiveCfg = Debug|Win32
		{BCE3C5FB-DE6B-40DF-8DD2-16577EAC5F14}.Debug|x86.Build.0 = Debug|Win32
		{BCE3C5FB-DE6B-40DF-8DD2-16577EAC5F14}.Release|x64.ActiveCfg = Release|x64
		{BCE3C5FB-DE6B-40DF-8DD2-16577EAC5F14}.Release|x64.Build.0 = Release|x64
		{BCE3C5FB-DE6B-40DF-8DD2-16577EAC5F14}.Release|x86.ActiveCfg = Release|Win32
		{BCE3C5FB-DE6B-40DF-8DD2-16577EAC5F14}.Release|x86.Build.0 = Release|Win32
	EndGlobalSection
	GlobalSection(SolutionProperties) = preSolution
		HideSolutionNode = FALSE
	EndGlobalSection
	GlobalSection(ExtensibilityGlobals) = postSolution
		SolutionGuid = {E315DA0E-63B7-4328-AB35-0EFDA23618C7}
	EndGlobalSection
EndGlobal
